
Microsoft Visual Studio Solution File, Format Version 12.00
# Visual Studio Version 16
VisualStudioVersion = 16.0.29009.5
MinimumVisualStudioVersion = 10.0.40219.1
Project("{FAE04EC0-301F-11D3-BF4B-00C04F79EFBC}") = "Comprobantes", "Comprobantes\Comprobantes.csproj", "{0B6124BE-37F5-48DF-9AE9-AEC24050EF21}"
EndProject
Global
	GlobalSection(SolutionConfigurationPlatforms) = preSolution
		Debug|Any CPU = Debug|Any CPU
		Release|Any CPU = Release|Any CPU
	EndGlobalSection
	GlobalSection(ProjectConfigurationPlatforms) = postSolution
		{0B6124BE-37F5-48DF-9AE9-AEC24050EF21}.Debug|Any CPU.ActiveCfg = Debug|Any CPU
		{0B6124BE-37F5-48DF-9AE9-AEC24050EF21}.Debug|Any CPU.Build.0 = Debug|Any CPU
		{0B6124BE-37F5-48DF-9AE9-AEC24050EF21}.Release|Any CPU.ActiveCfg = Release|Any CPU
		{0B6124BE-37F5-48DF-9AE9-AEC24050EF21}.Release|Any CPU.Build.0 = Release|Any CPU
	EndGlobalSection
	GlobalSection(SolutionProperties) = preSolution
		HideSolutionNode = FALSE
	EndGlobalSection
	GlobalSection(ExtensibilityGlobals) = postSolution
		SolutionGuid = {CF564D88-ACDA-401A-8536-32C97816FF53}
	EndGlobalSection
EndGlobal
